
Microsoft Visual Studio Solution File, Format Version 11.00
# Visual C++ Express 2010
Project("{8BC9CEB8-8B4A-11D0-8D11-00A0C91BC942}") = "Binary Bzet", "Binary Bzet\Binary Bzet.vcxproj", "{08ECF299-377F-4DCE-B3BE-42827B863860}"
EndProject
Project("{8BC9CEB8-8B4A-11D0-8D11-00A0C91BC942}") = "Python DLL", "Python DLL\Python DLL.vcxproj", "{4FF1F0DB-6B65-4258-A70D-D8E158749436}"
EndProject
Global
	GlobalSection(SolutionConfigurationPlatforms) = preSolution
		Debug|Win32 = Debug|Win32
		Release|Win32 = Release|Win32
	EndGlobalSection
	GlobalSection(ProjectConfigurationPlatforms) = postSolution
		{08ECF299-377F-4DCE-B3BE-42827B863860}.Debug|Win32.ActiveCfg = Debug|Win32
		{08ECF299-377F-4DCE-B3BE-42827B863860}.Debug|Win32.Build.0 = Debug|Win32
		{08ECF299-377F-4DCE-B3BE-42827B863860}.Release|Win32.ActiveCfg = Release|Win32
		{08ECF299-377F-4DCE-B3BE-42827B863860}.Release|Win32.Build.0 = Release|Win32
		{4FF1F0DB-6B65-4258-A70D-D8E158749436}.Debug|Win32.ActiveCfg = Debug|Win32
		{4FF1F0DB-6B65-4258-A70D-D8E158749436}.Debug|Win32.Build.0 = Debug|Win32
		{4FF1F0DB-6B65-4258-A70D-D8E158749436}.Release|Win32.ActiveCfg = Release|Win32
		{4FF1F0DB-6B65-4258-A70D-D8E158749436}.Release|Win32.Build.0 = Release|Win32
	EndGlobalSection
	GlobalSection(SolutionProperties) = preSolution
		HideSolutionNode = FALSE
	EndGlobalSection
EndGlobal
