<?xml version="1.0" encoding="utf-8"?>
<Project ToolsVersion="4.0" xmlns="http://schemas.microsoft.com/developer/msbuild/2003">
  <ItemGroup>
    <ClInclude Include="..\Binary Bzet\bitR.h" />
    <ClInclude Include="..\Binary Bzet\BinaryBzet.h" />
  </ItemGroup>
  <ItemGroup>
    <ClCompile Include="..\Binary Bzet\main.cpp" />
    <ClCompile Include="..\Binary Bzet\BinaryBzet.cpp" />
    <ClCompile Include="..\Binary Bzet\BBzetWrapper.cpp" />
  </ItemGroup>
</Project>