
Microsoft Visual Studio Solution File, Format Version 11.00
# Visual C++ Express 2010
Project("{8BC9CEB8-8B4A-11D0-8D11-00A0C91BC942}") = "Python3DLL", "Python3DLL\Python3DLL.vcxproj", "{6D0FF395-6EA9-4FF3-9BC7-3BCDFBD18FB8}"
EndProject
Global
	GlobalSection(SolutionConfigurationPlatforms) = preSolution
		Debug|Win32 = Debug|Win32
		Release|Win32 = Release|Win32
	EndGlobalSection
	GlobalSection(ProjectConfigurationPlatforms) = postSolution
		{6D0FF395-6EA9-4FF3-9BC7-3BCDFBD18FB8}.Debug|Win32.ActiveCfg = Debug|Win32
		{6D0FF395-6EA9-4FF3-9BC7-3BCDFBD18FB8}.Debug|Win32.Build.0 = Debug|Win32
		{6D0FF395-6EA9-4FF3-9BC7-3BCDFBD18FB8}.Release|Win32.ActiveCfg = Release|Win32
		{6D0FF395-6EA9-4FF3-9BC7-3BCDFBD18FB8}.Release|Win32.Build.0 = Release|Win32
	EndGlobalSection
	GlobalSection(SolutionProperties) = preSolution
		HideSolutionNode = FALSE
	EndGlobalSection
EndGlobal
